Microsoft Visual Studio Solution File, Format Version 12.00
# Visual Studio Version 17
VisualStudioVersion = 17.5.2.0
MinimumVisualStudioVersion = 10.0.40219.1
Project("{FAE04EC0-301F-11D3-BF4B-00C04F79EFBC}") = "PictureFrameWeb", "PictureFrameWeb.csproj", "{EA7D5E5B-0E26-2D9B-0955-4F72B9BA1003}"
EndProject
Global
	GlobalSection(SolutionConfigurationPlatforms) = preSolution
		Debug|Any CPU = Debug|Any CPU
		Release|Any CPU = Release|Any CPU
	EndGlobalSection
	GlobalSection(ProjectConfigurationPlatforms) = postSolution
		{EA7D5E5B-0E26-2D9B-0955-4F72B9BA1003}.Debug|Any CPU.ActiveCfg = Debug|Any CPU
		{EA7D5E5B-0E26-2D9B-0955-4F72B9BA1003}.Debug|Any CPU.Build.0 = Debug|Any CPU
		{EA7D5E5B-0E26-2D9B-0955-4F72B9BA1003}.Release|Any CPU.ActiveCfg = Release|Any CPU
		{EA7D5E5B-0E26-2D9B-0955-4F72B9BA1003}.Release|Any CPU.Build.0 = Release|Any CPU
	EndGlobalSection
	GlobalSection(SolutionProperties) = preSolution
		HideSolutionNode = FALSE
	EndGlobalSection
	GlobalSection(ExtensibilityGlobals) = postSolution
		SolutionGuid = {C6BAA57E-E535-4A18-9D27-CFD4FE16352F}
	EndGlobalSection
EndGlobal
